// !$*UTF8*$!
{
	archiveVersion = 1;
	classes = {
	};
	objectVersion = 46;
	objects = {

/* Begin PBXBuildFile section */
		3C082B9B1D3E984C00579000 /* Piece.cpp in Sources */ = {isa = PBXBuildFile; fileRef = 3C082B991D3E984B00579000 /* Piece.cpp */; };
		3C082B9E1D3E990D00579000 /* PieceTexture.cpp in Sources */ = {isa = PBXBuildFile; fileRef = 3C082B9C1D3E990D00579000 /* PieceTexture.cpp */; };
		3C082BA11D3E9AED00579000 /* Level.cpp in Sources */ = {isa = PBXBuildFile; fileRef = 3C082B9F1D3E9AED00579000 /* Level.cpp */; };
		3C082BA41D3EC2EA00579000 /* Move.cpp in Sources */ = {isa = PBXBuildFile; fileRef = 3C082BA21D3EC2EA00579000 /* Move.cpp */; };
		3C539B701D4016F800BCEE59 /* General.cpp in Sources */ = {isa = PBXBuildFile; fileRef = 3C539B6E1D4016F800BCEE59 /* General.cpp */; };
		3C539B731D40170A00BCEE59 /* Advisor.cpp in Sources */ = {isa = PBXBuildFile; fileRef = 3C539B711D40170A00BCEE59 /* Advisor.cpp */; };
		3C539B761D40172200BCEE59 /* Elephant.cpp in Sources */ = {isa = PBXBuildFile; fileRef = 3C539B741D40172200BCEE59 /* Elephant.cpp */; };
		3C539B791D40172E00BCEE59 /* Horse.cpp in Sources */ = {isa = PBXBuildFile; fileRef = 3C539B771D40172E00BCEE59 /* Horse.cpp */; };
		3C539B7C1D40173F00BCEE59 /* Chariot.cpp in Sources */ = {isa = PBXBuildFile; fileRef = 3C539B7A1D40173F00BCEE59 /* Chariot.cpp */; };
		3C539B7F1D40174D00BCEE59 /* Cannon.cpp in Sources */ = {isa = PBXBuildFile; fileRef = 3C539B7D1D40174D00BCEE59 /* Cannon.cpp */; };
		3C539B821D40177F00BCEE59 /* Soldier.cpp in Sources */ = {isa = PBXBuildFile; fileRef = 3C539B801D40177F00BCEE59 /* Soldier.cpp */; };
		3C539B851D40257500BCEE59 /* PieceFactory.cpp in Sources */ = {isa = PBXBuildFile; fileRef = 3C539B831D40257500BCEE59 /* PieceFactory.cpp */; };
		3C539B881D402D7B00BCEE59 /* None.cpp in Sources */ = {isa = PBXBuildFile; fileRef = 3C539B861D402D7B00BCEE59 /* None.cpp */; };
		3C58EC591D4D4B69000D27FB /* TextTexture.cpp in Sources */ = {isa = PBXBuildFile; fileRef = 3C58EC571D4D4B69000D27FB /* TextTexture.cpp */; };
		3C5D296D1D3D60570048DEA1 /* SDL2_image.framework in Frameworks */ = {isa = PBXBuildFile; fileRef = 3C5D29691D3D60570048DEA1 /* SDL2_image.framework */; };
		3C5D296E1D3D60570048DEA1 /* SDL2_mixer.framework in Frameworks */ = {isa = PBXBuildFile; fileRef = 3C5D296A1D3D60570048DEA1 /* SDL2_mixer.framework */; };
		3C5D296F1D3D60570048DEA1 /* SDL2_ttf.framework in Frameworks */ = {isa = PBXBuildFile; fileRef = 3C5D296B1D3D60570048DEA1 /* SDL2_ttf.framework */; };
		3C5D29701D3D60570048DEA1 /* SDL2.framework in Frameworks */ = {isa = PBXBuildFile; fileRef = 3C5D296C1D3D60570048DEA1 /* SDL2.framework */; };
		3C5D29741D3D7E300048DEA1 /* Texture.cpp in Sources */ = {isa = PBXBuildFile; fileRef = 3C5D29721D3D7E300048DEA1 /* Texture.cpp */; };
		3CFED6491D3C2CFC0015439C /* main.cpp in Sources */ = {isa = PBXBuildFile; fileRef = 3CFED6481D3C2CFC0015439C /* main.cpp */; };
		3CFED6711D3C31550015439C /* Game.cpp in Sources */ = {isa = PBXBuildFile; fileRef = 3CFED66F1D3C31550015439C /* Game.cpp */; };
/* End PBXBuildFile section */

/* Begin PBXCopyFilesBuildPhase section */
		3CFED6431D3C2CFC0015439C /* CopyFiles */ = {
			isa = PBXCopyFilesBuildPhase;
			buildActionMask = 2147483647;
			dstPath = /usr/share/man/man1/;
			dstSubfolderSpec = 0;
			files = (
			);
			runOnlyForDeploymentPostprocessing = 1;
		};
/* End PBXCopyFilesBuildPhase section */

/* Begin PBXFileReference section */
		3C082B991D3E984B00579000 /* Piece.cpp */ = {isa = PBXFileReference; fileEncoding = 4; lastKnownFileType = sourcecode.cpp.cpp; path = Piece.cpp; sourceTree = "<group>"; };
		3C082B9A1D3E984C00579000 /* Piece.hpp */ = {isa = PBXFileReference; fileEncoding = 4; lastKnownFileType = sourcecode.cpp.h; path = Piece.hpp; sourceTree = "<group>"; };
		3C082B9C1D3E990D00579000 /* PieceTexture.cpp */ = {isa = PBXFileReference; fileEncoding = 4; lastKnownFileType = sourcecode.cpp.cpp; path = PieceTexture.cpp; sourceTree = "<group>"; };
		3C082B9D1D3E990D00579000 /* PieceTexture.hpp */ = {isa = PBXFileReference; fileEncoding = 4; lastKnownFileType = sourcecode.cpp.h; path = PieceTexture.hpp; sourceTree = "<group>"; };
		3C082B9F1D3E9AED00579000 /* Level.cpp */ = {isa = PBXFileReference; fileEncoding = 4; lastKnownFileType = sourcecode.cpp.cpp; path = Level.cpp; sourceTree = "<group>"; };
		3C082BA01D3E9AED00579000 /* Level.hpp */ = {isa = PBXFileReference; fileEncoding = 4; lastKnownFileType = sourcecode.cpp.h; path = Level.hpp; sourceTree = "<group>"; };
		3C082BA21D3EC2EA00579000 /* Move.cpp */ = {isa = PBXFileReference; fileEncoding = 4; lastKnownFileType = sourcecode.cpp.cpp; path = Move.cpp; sourceTree = "<group>"; };
		3C082BA31D3EC2EA00579000 /* Move.hpp */ = {isa = PBXFileReference; fileEncoding = 4; lastKnownFileType = sourcecode.cpp.h; path = Move.hpp; sourceTree = "<group>"; };
		3C539B6E1D4016F800BCEE59 /* General.cpp */ = {isa = PBXFileReference; fileEncoding = 4; lastKnownFileType = sourcecode.cpp.cpp; path = General.cpp; sourceTree = "<group>"; };
		3C539B6F1D4016F800BCEE59 /* General.hpp */ = {isa = PBXFileReference; fileEncoding = 4; lastKnownFileType = sourcecode.cpp.h; path = General.hpp; sourceTree = "<group>"; };
		3C539B711D40170A00BCEE59 /* Advisor.cpp */ = {isa = PBXFileReference; fileEncoding = 4; lastKnownFileType = sourcecode.cpp.cpp; path = Advisor.cpp; sourceTree = "<group>"; };
		3C539B721D40170A00BCEE59 /* Advisor.hpp */ = {isa = PBXFileReference; fileEncoding = 4; lastKnownFileType = sourcecode.cpp.h; path = Advisor.hpp; sourceTree = "<group>"; };
		3C539B741D40172200BCEE59 /* Elephant.cpp */ = {isa = PBXFileReference; fileEncoding = 4; lastKnownFileType = sourcecode.cpp.cpp; path = Elephant.cpp; sourceTree = "<group>"; };
		3C539B751D40172200BCEE59 /* Elephant.hpp */ = {isa = PBXFileReference; fileEncoding = 4; lastKnownFileType = sourcecode.cpp.h; path = Elephant.hpp; sourceTree = "<group>"; };
		3C539B771D40172E00BCEE59 /* Horse.cpp */ = {isa = PBXFileReference; fileEncoding = 4; lastKnownFileType = sourcecode.cpp.cpp; path = Horse.cpp; sourceTree = "<group>"; };
		3C539B781D40172E00BCEE59 /* Horse.hpp */ = {isa = PBXFileReference; fileEncoding = 4; lastKnownFileType = sourcecode.cpp.h; path = Horse.hpp; sourceTree = "<group>"; };
		3C539B7A1D40173F00BCEE59 /* Chariot.cpp */ = {isa = PBXFileReference; fileEncoding = 4; lastKnownFileType = sourcecode.cpp.cpp; path = Chariot.cpp; sourceTree = "<group>"; };
		3C539B7B1D40173F00BCEE59 /* Chariot.hpp */ = {isa = PBXFileReference; fileEncoding = 4; lastKnownFileType = sourcecode.cpp.h; path = Chariot.hpp; sourceTree = "<group>"; };
		3C539B7D1D40174D00BCEE59 /* Cannon.cpp */ = {isa = PBXFileReference; fileEncoding = 4; lastKnownFileType = sourcecode.cpp.cpp; path = Cannon.cpp; sourceTree = "<group>"; };
		3C539B7E1D40174D00BCEE59 /* Cannon.hpp */ = {isa = PBXFileReference; fileEncoding = 4; lastKnownFileType = sourcecode.cpp.h; path = Cannon.hpp; sourceTree = "<group>"; };
		3C539B801D40177F00BCEE59 /* Soldier.cpp */ = {isa = PBXFileReference; fileEncoding = 4; lastKnownFileType = sourcecode.cpp.cpp; path = Soldier.cpp; sourceTree = "<group>"; };
		3C539B811D40177F00BCEE59 /* Soldier.hpp */ = {isa = PBXFileReference; fileEncoding = 4; lastKnownFileType = sourcecode.cpp.h; path = Soldier.hpp; sourceTree = "<group>"; };
		3C539B831D40257500BCEE59 /* PieceFactory.cpp */ = {isa = PBXFileReference; fileEncoding = 4; lastKnownFileType = sourcecode.cpp.cpp; path = PieceFactory.cpp; sourceTree = "<group>"; };
		3C539B841D40257500BCEE59 /* PieceFactory.hpp */ = {isa = PBXFileReference; fileEncoding = 4; lastKnownFileType = sourcecode.cpp.h; path = PieceFactory.hpp; sourceTree = "<group>"; };
		3C539B861D402D7B00BCEE59 /* None.cpp */ = {isa = PBXFileReference; fileEncoding = 4; lastKnownFileType = sourcecode.cpp.cpp; path = None.cpp; sourceTree = "<group>"; };
		3C539B871D402D7B00BCEE59 /* None.hpp */ = {isa = PBXFileReference; fileEncoding = 4; lastKnownFileType = sourcecode.cpp.h; path = None.hpp; sourceTree = "<group>"; };
		3C58EC571D4D4B69000D27FB /* TextTexture.cpp */ = {isa = PBXFileReference; fileEncoding = 4; lastKnownFileType = sourcecode.cpp.cpp; path = TextTexture.cpp; sourceTree = "<group>"; };
		3C58EC581D4D4B69000D27FB /* TextTexture.hpp */ = {isa = PBXFileReference; fileEncoding = 4; lastKnownFileType = sourcecode.cpp.h; path = TextTexture.hpp; sourceTree = "<group>"; };
		3C58EC5A1D4D4BB0000D27FB /* FreeMono.ttf */ = {isa = PBXFileReference; lastKnownFileType = file; path = FreeMono.ttf; sourceTree = "<group>"; };
		3C58EC5B1D4D4BB0000D27FB /* FreeMonoBold.ttf */ = {isa = PBXFileReference; lastKnownFileType = file; path = FreeMonoBold.ttf; sourceTree = "<group>"; };
		3C5D29691D3D60570048DEA1 /* SDL2_image.framework */ = {isa = PBXFileReference; lastKnownFileType = wrapper.framework; name = SDL2_image.framework; path = ../../Library/Frameworks/SDL2_image.framework; sourceTree = "<group>"; };
		3C5D296A1D3D60570048DEA1 /* SDL2_mixer.framework */ = {isa = PBXFileReference; lastKnownFileType = wrapper.framework; name = SDL2_mixer.framework; path = ../../Library/Frameworks/SDL2_mixer.framework; sourceTree = "<group>"; };
		3C5D296B1D3D60570048DEA1 /* SDL2_ttf.framework */ = {isa = PBXFileReference; lastKnownFileType = wrapper.framework; name = SDL2_ttf.framework; path = ../../Library/Frameworks/SDL2_ttf.framework; sourceTree = "<group>"; };
		3C5D296C1D3D60570048DEA1 /* SDL2.framework */ = {isa = PBXFileReference; lastKnownFileType = wrapper.framework; name = SDL2.framework; path = ../../Library/Frameworks/SDL2.framework; sourceTree = "<group>"; };
		3C5D29721D3D7E300048DEA1 /* Texture.cpp */ = {isa = PBXFileReference; fileEncoding = 4; lastKnownFileType = sourcecode.cpp.cpp; path = Texture.cpp; sourceTree = "<group>"; };
		3C5D29731D3D7E300048DEA1 /* Texture.hpp */ = {isa = PBXFileReference; fileEncoding = 4; lastKnownFileType = sourcecode.cpp.h; path = Texture.hpp; sourceTree = "<group>"; };
		3C5D29751D3D7E920048DEA1 /* Header.h */ = {isa = PBXFileReference; lastKnownFileType = sourcecode.c.h; path = Header.h; sourceTree = "<group>"; };
		3C5D29761D3D7EB00048DEA1 /* Config.h */ = {isa = PBXFileReference; lastKnownFileType = sourcecode.c.h; path = Config.h; sourceTree = "<group>"; };
		3CFED6451D3C2CFC0015439C /* ChineseChess */ = {isa = PBXFileReference; explicitFileType = "compiled.mach-o.executable"; includeInIndex = 0; path = ChineseChess; sourceTree = BUILT_PRODUCTS_DIR; };
		3CFED6481D3C2CFC0015439C /* main.cpp */ = {isa = PBXFileReference; lastKnownFileType = sourcecode.cpp.cpp; path = main.cpp; sourceTree = "<group>"; };
		3CFED6501D3C309F0015439C /* background.png */ = {isa = PBXFileReference; lastKnownFileType = image.png; path = background.png; sourceTree = "<group>"; };
		3CFED6511D3C309F0015439C /* bche.png */ = {isa = PBXFileReference; lastKnownFileType = image.png; path = bche.png; sourceTree = "<group>"; };
		3CFED6521D3C309F0015439C /* bjiang.png */ = {isa = PBXFileReference; lastKnownFileType = image.png; path = bjiang.png; sourceTree = "<group>"; };
		3CFED6531D3C309F0015439C /* bkg1.png */ = {isa = PBXFileReference; lastKnownFileType = image.png; path = bkg1.png; sourceTree = "<group>"; };
		3CFED6541D3C309F0015439C /* bkg2.png */ = {isa = PBXFileReference; lastKnownFileType = image.png; path = bkg2.png; sourceTree = "<group>"; };
		3CFED6551D3C309F0015439C /* bma.png */ = {isa = PBXFileReference; lastKnownFileType = image.png; path = bma.png; sourceTree = "<group>"; };
		3CFED6561D3C309F0015439C /* bpao.png */ = {isa = PBXFileReference; lastKnownFileType = image.png; path = bpao.png; sourceTree = "<group>"; };
		3CFED6571D3C309F0015439C /* bshi.png */ = {isa = PBXFileReference; lastKnownFileType = image.png; path = bshi.png; sourceTree = "<group>"; };
		3CFED6581D3C309F0015439C /* bxiang.png */ = {isa = PBXFileReference; lastKnownFileType = image.png; path = bxiang.png; sourceTree = "<group>"; };
		3CFED6591D3C309F0015439C /* bzu.png */ = {isa = PBXFileReference; lastKnownFileType = image.png; path = bzu.png; sourceTree = "<group>"; };
		3CFED65A1D3C309F0015439C /* CloseNormal.png */ = {isa = PBXFileReference; lastKnownFileType = image.png; path = CloseNormal.png; sourceTree = "<group>"; };
		3CFED65B1D3C309F0015439C /* CloseSelected.png */ = {isa = PBXFileReference; lastKnownFileType = image.png; path = CloseSelected.png; sourceTree = "<group>"; };
		3CFED65C1D3C309F0015439C /* closeVolice.png */ = {isa = PBXFileReference; lastKnownFileType = image.png; path = closeVolice.png; sourceTree = "<group>"; };
		3CFED65D1D3C309F0015439C /* difficulty.jpg */ = {isa = PBXFileReference; lastKnownFileType = image.jpeg; path = difficulty.jpg; sourceTree = "<group>"; };
		3CFED65E1D3C309F0015439C /* floor.jpg */ = {isa = PBXFileReference; lastKnownFileType = image.jpeg; path = floor.jpg; sourceTree = "<group>"; };
		3CFED65F1D3C309F0015439C /* floor.wav */ = {isa = PBXFileReference; lastKnownFileType = audio.wav; path = floor.wav; sourceTree = "<group>"; };
		3CFED6601D3C309F0015439C /* icon.png */ = {isa = PBXFileReference; lastKnownFileType = image.png; path = icon.png; sourceTree = "<group>"; };
		3CFED6611D3C309F0015439C /* new.jpg */ = {isa = PBXFileReference; lastKnownFileType = image.jpeg; path = new.jpg; sourceTree = "<group>"; };
		3CFED6621D3C309F0015439C /* openVolice.png */ = {isa = PBXFileReference; lastKnownFileType = image.png; path = openVolice.png; sourceTree = "<group>"; };
		3CFED6631D3C309F0015439C /* pause.jpg */ = {isa = PBXFileReference; lastKnownFileType = image.jpeg; path = pause.jpg; sourceTree = "<group>"; };
		3CFED6641D3C309F0015439C /* rbing.png */ = {isa = PBXFileReference; lastKnownFileType = image.png; path = rbing.png; sourceTree = "<group>"; };
		3CFED6651D3C309F0015439C /* rche.png */ = {isa = PBXFileReference; lastKnownFileType = image.png; path = rche.png; sourceTree = "<group>"; };
		3CFED6661D3C309F0015439C /* regret.jpg */ = {isa = PBXFileReference; lastKnownFileType = image.jpeg; path = regret.jpg; sourceTree = "<group>"; };
		3CFED6671D3C309F0015439C /* rma.png */ = {isa = PBXFileReference; lastKnownFileType = image.png; path = rma.png; sourceTree = "<group>"; };
		3CFED6681D3C309F0015439C /* rpao.png */ = {isa = PBXFileReference; lastKnownFileType = image.png; path = rpao.png; sourceTree = "<group>"; };
		3CFED6691D3C309F0015439C /* rshi.png */ = {isa = PBXFileReference; lastKnownFileType = image.png; path = rshi.png; sourceTree = "<group>"; };
		3CFED66A1D3C309F0015439C /* rshuai.png */ = {isa = PBXFileReference; lastKnownFileType = image.png; path = rshuai.png; sourceTree = "<group>"; };
		3CFED66B1D3C309F0015439C /* rxiang.png */ = {isa = PBXFileReference; lastKnownFileType = image.png; path = rxiang.png; sourceTree = "<group>"; };
		3CFED66C1D3C309F0015439C /* selected.png */ = {isa = PBXFileReference; lastKnownFileType = image.png; path = selected.png; sourceTree = "<group>"; };
		3CFED66D1D3C309F0015439C /* start.jpg */ = {isa = PBXFileReference; lastKnownFileType = image.jpeg; path = start.jpg; sourceTree = "<group>"; };
		3CFED66E1D3C309F0015439C /* yingjiemian.png */ = {isa = PBXFileReference; lastKnownFileType = image.png; path = yingjiemian.png; sourceTree = "<group>"; };
		3CFED66F1D3C31550015439C /* Game.cpp */ = {isa = PBXFileReference; fileEncoding = 4; lastKnownFileType = sourcecode.cpp.cpp; path = Game.cpp; sourceTree = "<group>"; };
		3CFED6701D3C31550015439C /* Game.hpp */ = {isa = PBXFileReference; fileEncoding = 4; lastKnownFileType = sourcecode.cpp.h; path = Game.hpp; sourceTree = "<group>"; };
/* End PBXFileReference section */

/* Begin PBXFrameworksBuildPhase section */
		3CFED6421D3C2CFC0015439C /* Frameworks */ = {
			isa = PBXFrameworksBuildPhase;
			buildActionMask = 2147483647;
			files = (
				3C5D296D1D3D60570048DEA1 /* SDL2_image.framework in Frameworks */,
				3C5D296E1D3D60570048DEA1 /* SDL2_mixer.framework in Frameworks */,
				3C5D296F1D3D60570048DEA1 /* SDL2_ttf.framework in Frameworks */,
				3C5D29701D3D60570048DEA1 /* SDL2.framework in Frameworks */,
			);
			runOnlyForDeploymentPostprocessing = 0;
		};
/* End PBXFrameworksBuildPhase section */

/* Begin PBXGroup section */
		3C539B6D1D4016E300BCEE59 /* Piece */ = {
			isa = PBXGroup;
			children = (
				3C082B991D3E984B00579000 /* Piece.cpp */,
				3C082B9A1D3E984C00579000 /* Piece.hpp */,
				3C539B6E1D4016F800BCEE59 /* General.cpp */,
				3C539B6F1D4016F800BCEE59 /* General.hpp */,
				3C539B711D40170A00BCEE59 /* Advisor.cpp */,
				3C539B721D40170A00BCEE59 /* Advisor.hpp */,
				3C539B741D40172200BCEE59 /* Elephant.cpp */,
				3C539B751D40172200BCEE59 /* Elephant.hpp */,
				3C539B771D40172E00BCEE59 /* Horse.cpp */,
				3C539B781D40172E00BCEE59 /* Horse.hpp */,
				3C539B7A1D40173F00BCEE59 /* Chariot.cpp */,
				3C539B7B1D40173F00BCEE59 /* Chariot.hpp */,
				3C539B7D1D40174D00BCEE59 /* Cannon.cpp */,
				3C539B7E1D40174D00BCEE59 /* Cannon.hpp */,
				3C539B801D40177F00BCEE59 /* Soldier.cpp */,
				3C539B811D40177F00BCEE59 /* Soldier.hpp */,
				3C539B831D40257500BCEE59 /* PieceFactory.cpp */,
				3C539B841D40257500BCEE59 /* PieceFactory.hpp */,
				3C539B861D402D7B00BCEE59 /* None.cpp */,
				3C539B871D402D7B00BCEE59 /* None.hpp */,
			);
			name = Piece;
			sourceTree = "<group>";
		};
		3C5D29711D3D61EC0048DEA1 /* Frameworks */ = {
			isa = PBXGroup;
			children = (
				3C5D29691D3D60570048DEA1 /* SDL2_image.framework */,
				3C5D296A1D3D60570048DEA1 /* SDL2_mixer.framework */,
				3C5D296B1D3D60570048DEA1 /* SDL2_ttf.framework */,
				3C5D296C1D3D60570048DEA1 /* SDL2.framework */,
			);
			name = Frameworks;
			sourceTree = "<group>";
		};
		3CFED63C1D3C2CFC0015439C = {
			isa = PBXGroup;
			children = (
				3C5D29711D3D61EC0048DEA1 /* Frameworks */,
				3CFED64F1D3C309F0015439C /* Resources */,
				3CFED6471D3C2CFC0015439C /* ChineseChess */,
				3CFED6461D3C2CFC0015439C /* Products */,
			);
			sourceTree = "<group>";
		};
		3CFED6461D3C2CFC0015439C /* Products */ = {
			isa = PBXGroup;
			children = (
				3CFED6451D3C2CFC0015439C /* ChineseChess */,
			);
			name = Products;
			sourceTree = "<group>";
		};
		3CFED6471D3C2CFC0015439C /* ChineseChess */ = {
			isa = PBXGroup;
			children = (
				3C539B6D1D4016E300BCEE59 /* Piece */,
				3CFED6481D3C2CFC0015439C /* main.cpp */,
				3CFED66F1D3C31550015439C /* Game.cpp */,
				3CFED6701D3C31550015439C /* Game.hpp */,
				3C5D29721D3D7E300048DEA1 /* Texture.cpp */,
				3C5D29731D3D7E300048DEA1 /* Texture.hpp */,
				3C5D29751D3D7E920048DEA1 /* Header.h */,
				3C5D29761D3D7EB00048DEA1 /* Config.h */,
				3C082B9C1D3E990D00579000 /* PieceTexture.cpp */,
				3C082B9D1D3E990D00579000 /* PieceTexture.hpp */,
				3C082B9F1D3E9AED00579000 /* Level.cpp */,
				3C082BA01D3E9AED00579000 /* Level.hpp */,
				3C082BA21D3EC2EA00579000 /* Move.cpp */,
				3C082BA31D3EC2EA00579000 /* Move.hpp */,
				3C58EC571D4D4B69000D27FB /* TextTexture.cpp */,
				3C58EC581D4D4B69000D27FB /* TextTexture.hpp */,
			);
			path = ChineseChess;
			sourceTree = "<group>";
		};
		3CFED64F1D3C309F0015439C /* Resources */ = {
			isa = PBXGroup;
			children = (
				3CFED6501D3C309F0015439C /* background.png */,
				3CFED6511D3C309F0015439C /* bche.png */,
				3CFED6521D3C309F0015439C /* bjiang.png */,
				3CFED6531D3C309F0015439C /* bkg1.png */,
				3CFED6541D3C309F0015439C /* bkg2.png */,
				3CFED6551D3C309F0015439C /* bma.png */,
				3CFED6561D3C309F0015439C /* bpao.png */,
				3CFED6571D3C309F0015439C /* bshi.png */,
				3CFED6581D3C309F0015439C /* bxiang.png */,
				3CFED6591D3C309F0015439C /* bzu.png */,
				3CFED65A1D3C309F0015439C /* CloseNormal.png */,
				3C58EC5A1D4D4BB0000D27FB /* FreeMono.ttf */,
				3C58EC5B1D4D4BB0000D27FB /* FreeMonoBold.ttf */,
				3CFED65B1D3C309F0015439C /* CloseSelected.png */,
				3CFED65C1D3C309F0015439C /* closeVolice.png */,
				3CFED65D1D3C309F0015439C /* difficulty.jpg */,
				3CFED65E1D3C309F0015439C /* floor.jpg */,
				3CFED65F1D3C309F0015439C /* floor.wav */,
				3CFED6601D3C309F0015439C /* icon.png */,
				3CFED6611D3C309F0015439C /* new.jpg */,
				3CFED6621D3C309F0015439C /* openVolice.png */,
				3CFED6631D3C309F0015439C /* pause.jpg */,
				3CFED6641D3C309F0015439C /* rbing.png */,
				3CFED6651D3C309F0015439C /* rche.png */,
				3CFED6661D3C309F0015439C /* regret.jpg */,
				3CFED6671D3C309F0015439C /* rma.png */,
				3CFED6681D3C309F0015439C /* rpao.png */,
				3CFED6691D3C309F0015439C /* rshi.png */,
				3CFED66A1D3C309F0015439C /* rshuai.png */,
				3CFED66B1D3C309F0015439C /* rxiang.png */,
				3CFED66C1D3C309F0015439C /* selected.png */,
				3CFED66D1D3C309F0015439C /* start.jpg */,
				3CFED66E1D3C309F0015439C /* yingjiemian.png */,
			);
			path = Resources;
			sourceTree = "<group>";
		};
/* End PBXGroup section */

/* Begin PBXNativeTarget section */
		3CFED6441D3C2CFC0015439C /* ChineseChess */ = {
			isa = PBXNativeTarget;
			buildConfigurationList = 3CFED64C1D3C2CFC0015439C /* Build configuration list for PBXNativeTarget "ChineseChess" */;
			buildPhases = (
				3CFED6411D3C2CFC0015439C /* Sources */,
				3CFED6421D3C2CFC0015439C /* Frameworks */,
				3CFED6431D3C2CFC0015439C /* CopyFiles */,
			);
			buildRules = (
			);
			dependencies = (
			);
			name = ChineseChess;
			productName = ChineseChess;
			productReference = 3CFED6451D3C2CFC0015439C /* ChineseChess */;
			productType = "com.apple.product-type.tool";
		};
/* End PBXNativeTarget section */

/* Begin PBXProject section */
		3CFED63D1D3C2CFC0015439C /* Project object */ = {
			isa = PBXProject;
			attributes = {
				LastUpgradeCheck = 0730;
				ORGANIZATIONNAME = Ying;
				TargetAttributes = {
					3CFED6441D3C2CFC0015439C = {
						CreatedOnToolsVersion = 7.3.1;
					};
				};
			};
			buildConfigurationList = 3CFED6401D3C2CFC0015439C /* Build configuration list for PBXProject "ChineseChess" */;
			compatibilityVersion = "Xcode 3.2";
			developmentRegion = English;
			hasScannedForEncodings = 0;
			knownRegions = (
				en,
			);
			mainGroup = 3CFED63C1D3C2CFC0015439C;
			productRefGroup = 3CFED6461D3C2CFC0015439C /* Products */;
			projectDirPath = "";
			projectRoot = "";
			targets = (
				3CFED6441D3C2CFC0015439C /* ChineseChess */,
			);
		};
/* End PBXProject section */

/* Begin PBXSourcesBuildPhase section */
		3CFED6411D3C2CFC0015439C /* Sources */ = {
			isa = PBXSourcesBuildPhase;
			buildActionMask = 2147483647;
			files = (
				3C082BA11D3E9AED00579000 /* Level.cpp in Sources */,
				3C539B731D40170A00BCEE59 /* Advisor.cpp in Sources */,
				3C539B7C1D40173F00BCEE59 /* Chariot.cpp in Sources */,
				3C539B851D40257500BCEE59 /* PieceFactory.cpp in Sources */,
				3C539B791D40172E00BCEE59 /* Horse.cpp in Sources */,
				3C539B761D40172200BCEE59 /* Elephant.cpp in Sources */,
				3C082BA41D3EC2EA00579000 /* Move.cpp in Sources */,
				3C539B821D40177F00BCEE59 /* Soldier.cpp in Sources */,
				3C539B701D4016F800BCEE59 /* General.cpp in Sources */,
				3C539B881D402D7B00BCEE59 /* None.cpp in Sources */,
				3C082B9E1D3E990D00579000 /* PieceTexture.cpp in Sources */,
				3C082B9B1D3E984C00579000 /* Piece.cpp in Sources */,
				3C539B7F1D40174D00BCEE59 /* Cannon.cpp in Sources */,
				3C5D29741D3D7E300048DEA1 /* Texture.cpp in Sources */,
				3C58EC591D4D4B69000D27FB /* TextTexture.cpp in Sources */,
				3CFED6491D3C2CFC0015439C /* main.cpp in Sources */,
				3CFED6711D3C31550015439C /* Game.cpp in Sources */,
			);
			runOnlyForDeploymentPostprocessing = 0;
		};
/* End PBXSourcesBuildPhase section */

/* Begin XCBuildConfiguration section */
		3CFED64A1D3C2CFC0015439C /* Debug */ = {
			isa = XCBuildConfiguration;
			buildSettings = {
				ALWAYS_SEARCH_USER_PATHS = NO;
				CLANG_ANALYZER_NONNULL = YES;
				CLANG_CXX_LANGUAGE_STANDARD = "gnu++0x";
				CLANG_CXX_LIBRARY = "libc++";
				CLANG_ENABLE_MODULES = YES;
				CLANG_ENABLE_OBJC_ARC = YES;
				CLANG_WARN_BOOL_CONVERSION = YES;
				CLANG_WARN_CONSTANT_CONVERSION = YES;
				CLANG_WARN_DIRECT_OBJC_ISA_USAGE = YES_ERROR;
				CLANG_WARN_EMPTY_BODY = YES;
				CLANG_WARN_ENUM_CONVERSION = YES;
				CLANG_WARN_INT_CONVERSION = YES;
				CLANG_WARN_OBJC_ROOT_CLASS = YES_ERROR;
				CLANG_WARN_UNREACHABLE_CODE = YES;
				CLANG_WARN__DUPLICATE_METHOD_MATCH = YES;
				CODE_SIGN_IDENTITY = "-";
				COPY_PHASE_STRIP = NO;
				DEBUG_INFORMATION_FORMAT = dwarf;
				ENABLE_STRICT_OBJC_MSGSEND = YES;
				ENABLE_TESTABILITY = YES;
				GCC_C_LANGUAGE_STANDARD = gnu99;
				GCC_DYNAMIC_NO_PIC = NO;
				GCC_NO_COMMON_BLOCKS = YES;
				GCC_OPTIMIZATION_LEVEL = 0;
				GCC_PREPROCESSOR_DEFINITIONS = (
					"DEBUG=1",
					"$(inherited)",
				);
				GCC_WARN_64_TO_32_BIT_CONVERSION = YES;
				GCC_WARN_ABOUT_RETURN_TYPE = YES_ERROR;
				GCC_WARN_UNDECLARED_SELECTOR = YES;
				GCC_WARN_UNINITIALIZED_AUTOS = YES_AGGRESSIVE;
				GCC_WARN_UNUSED_FUNCTION = YES;
				GCC_WARN_UNUSED_VARIABLE = YES;
				MACOSX_DEPLOYMENT_TARGET = 10.11;
				MTL_ENABLE_DEBUG_INFO = YES;
				ONLY_ACTIVE_ARCH = YES;
				SDKROOT = macosx;
			};
			name = Debug;
		};
		3CFED64B1D3C2CFC0015439C /* Release */ = {
			isa = XCBuildConfiguration;
			buildSettings = {
				ALWAYS_SEARCH_USER_PATHS = NO;
				CLANG_ANALYZER_NONNULL = YES;
				CLANG_CXX_LANGUAGE_STANDARD = "gnu++0x";
				CLANG_CXX_LIBRARY = "libc++";
				CLANG_ENABLE_MODULES = YES;
				CLANG_ENABLE_OBJC_ARC = YES;
				CLANG_WARN_BOOL_CONVERSION = YES;
				CLANG_WARN_CONSTANT_CONVERSION = YES;
				CLANG_WARN_DIRECT_OBJC_ISA_USAGE = YES_ERROR;
				CLANG_WARN_EMPTY_BODY = YES;
				CLANG_WARN_ENUM_CONVERSION = YES;
				CLANG_WARN_INT_CONVERSION = YES;
				CLANG_WARN_OBJC_ROOT_CLASS = YES_ERROR;
				CLANG_WARN_UNREACHABLE_CODE = YES;
				CLANG_WARN__DUPLICATE_METHOD_MATCH = YES;
				CODE_SIGN_IDENTITY = "-";
				COPY_PHASE_STRIP = NO;
				DEBUG_INFORMATION_FORMAT = "dwarf-with-dsym";
				ENABLE_NS_ASSERTIONS = NO;
				ENABLE_STRICT_OBJC_MSGSEND = YES;
				GCC_C_LANGUAGE_STANDARD = gnu99;
				GCC_NO_COMMON_BLOCKS = YES;
				GCC_WARN_64_TO_32_BIT_CONVERSION = YES;
				GCC_WARN_ABOUT_RETURN_TYPE = YES_ERROR;
				GCC_WARN_UNDECLARED_SELECTOR = YES;
				GCC_WARN_UNINITIALIZED_AUTOS = YES_AGGRESSIVE;
				GCC_WARN_UNUSED_FUNCTION = YES;
				GCC_WARN_UNUSED_VARIABLE = YES;
				MACOSX_DEPLOYMENT_TARGET = 10.11;
				MTL_ENABLE_DEBUG_INFO = NO;
				SDKROOT = macosx;
			};
			name = Release;
		};
		3CFED64D1D3C2CFC0015439C /* Debug */ = {
			isa = XCBuildConfiguration;
			buildSettings = {
				CLANG_CXX_LANGUAGE_STANDARD = "gnu++14";
				FRAMEWORK_SEARCH_PATHS = (
					"$(inherited)",
					"$(USER_LIBRARY_DIR)/Frameworks",
				);
				PRODUCT_NAME = "$(TARGET_NAME)";
			};
			name = Debug;
		};
		3CFED64E1D3C2CFC0015439C /* Release */ = {
			isa = XCBuildConfiguration;
			buildSettings = {
				CLANG_CXX_LANGUAGE_STANDARD = "gnu++14";
				FRAMEWORK_SEARCH_PATHS = (
					"$(inherited)",
					"$(USER_LIBRARY_DIR)/Frameworks",
				);
				PRODUCT_NAME = "$(TARGET_NAME)";
			};
			name = Release;
		};
/* End XCBuildConfiguration section */

/* Begin XCConfigurationList section */
		3CFED6401D3C2CFC0015439C /* Build configuration list for PBXProject "ChineseChess" */ = {
			isa = XCConfigurationList;
			buildConfigurations = (
				3CFED64A1D3C2CFC0015439C /* Debug */,
				3CFED64B1D3C2CFC0015439C /* Release */,
			);
			defaultConfigurationIsVisible = 0;
			defaultConfigurationName = Release;
		};
		3CFED64C1D3C2CFC0015439C /* Build configuration list for PBXNativeTarget "ChineseChess" */ = {
			isa = XCConfigurationList;
			buildConfigurations = (
				3CFED64D1D3C2CFC0015439C /* Debug */,
				3CFED64E1D3C2CFC0015439C /* Release */,
			);
			defaultConfigurationIsVisible = 0;
			defaultConfigurationName = Release;
		};
/* End XCConfigurationList section */
	};
	rootObject = 3CFED63D1D3C2CFC0015439C /* Project object */;
}
